
Microsoft Visual Studio Solution File, Format Version 12.00
# Visual Studio Version 16
VisualStudioVersion = 16.0.30717.126
MinimumVisualStudioVersion = 10.0.40219.1
Project("{9A19103F-16F7-4668-BE54-9A1E7A4F7556}") = "P01-RecursiveArraySum", "01-RecursionAndBacktracking\P01-RecursiveArraySum.csproj", "{413B0D18-D442-469A-B8DF-42AB4CEF01E0}"
EndProject
Project("{9A19103F-16F7-4668-BE54-9A1E7A4F7556}") = "P04-RecursiveFactorial", "P05-RecursiveFactorial\P04-RecursiveFactorial.csproj", "{430F3C5F-B8AC-4AFF-96E0-FADF9BAD60B4}"
EndProject
Project("{9A19103F-16F7-4668-BE54-9A1E7A4F7556}") = "P02-RecursiveDrawing", "P02-RecursiveDrawing\P02-RecursiveDrawing.csproj", "{D088229D-368C-4323-800F-133DF4896AF1}"
EndProject
Project("{9A19103F-16F7-4668-BE54-9A1E7A4F7556}") = "P03-Generating01Vectors", "P03-Generating01Vectors\P03-Generating01Vectors.csproj", "{72E1ECF0-311D-4527-B893-E8CF0F586069}"
EndProject
Project("{9A19103F-16F7-4668-BE54-9A1E7A4F7556}") = "P05-FindAllPathsInALabyrinth", "P05-FindAllPathsInALabyrinth\P05-FindAllPathsInALabyrinth.csproj", "{A8B9B67F-79A8-4A5D-ADCD-2A0166EAFD56}"
EndProject
Project("{9A19103F-16F7-4668-BE54-9A1E7A4F7556}") = "P06-QueensPuzzle", "P06-QueensPuzzle\P06-QueensPuzzle.csproj", "{C2C45B9E-5B1E-4D29-A3A8-9D4EDBAF0EB5}"
EndProject
Project("{FAE04EC0-301F-11D3-BF4B-00C04F79EFBC}") = "P07-RecursiveFibonacci", "P07-RecursiveFibonacci\P07-RecursiveFibonacci.csproj", "{C6941480-66A3-4ECC-A043-7A1214F0D40A}"
EndProject
Global
	GlobalSection(SolutionConfigurationPlatforms) = preSolution
		Debug|Any CPU = Debug|Any CPU
		Release|Any CPU = Release|Any CPU
	EndGlobalSection
	GlobalSection(ProjectConfigurationPlatforms) = postSolution
		{413B0D18-D442-469A-B8DF-42AB4CEF01E0}.Debug|Any CPU.ActiveCfg = Debug|Any CPU
		{413B0D18-D442-469A-B8DF-42AB4CEF01E0}.Debug|Any CPU.Build.0 = Debug|Any CPU
		{413B0D18-D442-469A-B8DF-42AB4CEF01E0}.Release|Any CPU.ActiveCfg = Release|Any CPU
		{413B0D18-D442-469A-B8DF-42AB4CEF01E0}.Release|Any CPU.Build.0 = Release|Any CPU
		{430F3C5F-B8AC-4AFF-96E0-FADF9BAD60B4}.Debug|Any CPU.ActiveCfg = Debug|Any CPU
		{430F3C5F-B8AC-4AFF-96E0-FADF9BAD60B4}.Debug|Any CPU.Build.0 = Debug|Any CPU
		{430F3C5F-B8AC-4AFF-96E0-FADF9BAD60B4}.Release|Any CPU.ActiveCfg = Release|Any CPU
		{430F3C5F-B8AC-4AFF-96E0-FADF9BAD60B4}.Release|Any CPU.Build.0 = Release|Any CPU
		{D088229D-368C-4323-800F-133DF4896AF1}.Debug|Any CPU.ActiveCfg = Debug|Any CPU
		{D088229D-368C-4323-800F-133DF4896AF1}.Debug|Any CPU.Build.0 = Debug|Any CPU
		{D088229D-368C-4323-800F-133DF4896AF1}.Release|Any CPU.ActiveCfg = Release|Any CPU
		{D088229D-368C-4323-800F-133DF4896AF1}.Release|Any CPU.Build.0 = Release|Any CPU
		{72E1ECF0-311D-4527-B893-E8CF0F586069}.Debug|Any CPU.ActiveCfg = Debug|Any CPU
		{72E1ECF0-311D-4527-B893-E8CF0F586069}.Debug|Any CPU.Build.0 = Debug|Any CPU
		{72E1ECF0-311D-4527-B893-E8CF0F586069}.Release|Any CPU.ActiveCfg = Release|Any CPU
		{72E1ECF0-311D-4527-B893-E8CF0F586069}.Release|Any CPU.Build.0 = Release|Any CPU
		{A8B9B67F-79A8-4A5D-ADCD-2A0166EAFD56}.Debug|Any CPU.ActiveCfg = Debug|Any CPU
		{A8B9B67F-79A8-4A5D-ADCD-2A0166EAFD56}.Debug|Any CPU.Build.0 = Debug|Any CPU
		{A8B9B67F-79A8-4A5D-ADCD-2A0166EAFD56}.Release|Any CPU.ActiveCfg = Release|Any CPU
		{A8B9B67F-79A8-4A5D-ADCD-2A0166EAFD56}.Release|Any CPU.Build.0 = Release|Any CPU
		{C2C45B9E-5B1E-4D29-A3A8-9D4EDBAF0EB5}.Debug|Any CPU.ActiveCfg = Debug|Any CPU
		{C2C45B9E-5B1E-4D29-A3A8-9D4EDBAF0EB5}.Debug|Any CPU.Build.0 = Debug|Any CPU
		{C2C45B9E-5B1E-4D29-A3A8-9D4EDBAF0EB5}.Release|Any CPU.ActiveCfg = Release|Any CPU
		{C2C45B9E-5B1E-4D29-A3A8-9D4EDBAF0EB5}.Release|Any CPU.Build.0 = Release|Any CPU
		{C6941480-66A3-4ECC-A043-7A1214F0D40A}.Debug|Any CPU.ActiveCfg = Debug|Any CPU
		{C6941480-66A3-4ECC-A043-7A1214F0D40A}.Debug|Any CPU.Build.0 = Debug|Any CPU
		{C6941480-66A3-4ECC-A043-7A1214F0D40A}.Release|Any CPU.ActiveCfg = Release|Any CPU
		{C6941480-66A3-4ECC-A043-7A1214F0D40A}.Release|Any CPU.Build.0 = Release|Any CPU
	EndGlobalSection
	GlobalSection(SolutionProperties) = preSolution
		HideSolutionNode = FALSE
	EndGlobalSection
	GlobalSection(ExtensibilityGlobals) = postSolution
		SolutionGuid = {A0D0281B-63E7-4A63-B3B0-EB7E848400C3}
	EndGlobalSection
EndGlobal
